
Microsoft Visual Studio Solution File, Format Version 12.00
# Visual Studio Version 16
VisualStudioVersion = 16.0.30204.135
MinimumVisualStudioVersion = 10.0.40219.1
Project("{FAE04EC0-301F-11D3-BF4B-00C04F79EFBC}") = "Lab2_v2", "Lab2_v2\Lab2_v2.csproj", "{2D8CD4E5-EAEF-498B-8DA1-57A758EBAFD9}"
EndProject
Global
	GlobalSection(SolutionConfigurationPlatforms) = preSolution
		Debug|Any CPU = Debug|Any CPU
		Release|Any CPU = Release|Any CPU
	EndGlobalSection
	GlobalSection(ProjectConfigurationPlatforms) = postSolution
		{2D8CD4E5-EAEF-498B-8DA1-57A758EBAFD9}.Debug|Any CPU.ActiveCfg = Debug|Any CPU
		{2D8CD4E5-EAEF-498B-8DA1-57A758EBAFD9}.Debug|Any CPU.Build.0 = Debug|Any CPU
		{2D8CD4E5-EAEF-498B-8DA1-57A758EBAFD9}.Release|Any CPU.ActiveCfg = Release|Any CPU
		{2D8CD4E5-EAEF-498B-8DA1-57A758EBAFD9}.Release|Any CPU.Build.0 = Release|Any CPU
	EndGlobalSection
	GlobalSection(SolutionProperties) = preSolution
		HideSolutionNode = FALSE
	EndGlobalSection
	GlobalSection(ExtensibilityGlobals) = postSolution
		SolutionGuid = {39BB7B7E-E572-4C52-8570-E4CCECF0278A}
	EndGlobalSection
EndGlobal
